PODS:
  - Alamofire (5.0.0-rc.3)
  - Auth0 (1.19.3):
    - SimpleKeychain
  - Kingfisher (5.10.1):
    - Kingfisher/Core (= 5.10.1)
  - Kingfisher/Core (5.10.1)
  - SimpleKeychain (0.9.0)
  - SwiftKeychainWrapper (3.4.0)

DEPENDENCIES:
  - Alamofire (~> 5.0.0-rc.3)
  - Auth0 (~> 1.19)
  - Kingfisher (~> 5.0)
  - SwiftKeychainWrapper

SPEC REPOS:
  trunk:
    - Alamofire
    - Auth0
    - Kingfisher
    - SimpleKeychain
    - SwiftKeychainWrapper

SPEC CHECKSUMS:
  Alamofire: ca8c0de6906873be89d6deec5c8de279e00bf872
  Auth0: 195ea089de471c72bf95eb5320ff86c224debf3c
  Kingfisher: eb36b7dfcc78d60877051c92c119a2865972961a
  SimpleKeychain: 3be49072fd2d82de8fa83d847ef1e548622f8fc5
  SwiftKeychainWrapper: 6fc49fbf7d4a6b0772917acb0e53a1639f6078d6

PODFILE CHECKSUM: 0ab7b2421d352325bd944c5993f465619a1a62bd

COCOAPODS: 1.8.4
