// !$*UTF8*$!
{
	archiveVersion = 1;
	classes = {
	};
	objectVersion = 51;
	objects = {

/* Begin PBXBuildFile section */
		211A104723966212002A42DA /* Auth0.plist in Resources */ = {isa = PBXBuildFile; fileRef = 211A104623966211002A42DA /* Auth0.plist */; };
		211A104923966DE3002A42DA /* NiZiAPIHelper.swift in Sources */ = {isa = PBXBuildFile; fileRef = 211A104823966DE3002A42DA /* NiZiAPIHelper.swift */; };
		211A104F23969D17002A42DA /* Localizable.strings in Resources */ = {isa = PBXBuildFile; fileRef = 211A105123969D17002A42DA /* Localizable.strings */; };
		21488B15239E4B7B004D31C8 /* Auth.swift in Sources */ = {isa = PBXBuildFile; fileRef = 21488B14239E4B7B004D31C8 /* Auth.swift */; };
		21488B17239E4C57004D31C8 /* Account.swift in Sources */ = {isa = PBXBuildFile; fileRef = 21488B16239E4C57004D31C8 /* Account.swift */; };
		21488B19239E4CC9004D31C8 /* Login.swift in Sources */ = {isa = PBXBuildFile; fileRef = 21488B18239E4CC9004D31C8 /* Login.swift */; };
		21488B1B239E53E2004D31C8 /* Token.swift in Sources */ = {isa = PBXBuildFile; fileRef = 21488B1A239E53E2004D31C8 /* Token.swift */; };
		214A0068239E9C1A00DBA6F1 /* ChooseLoginViewController.swift in Sources */ = {isa = PBXBuildFile; fileRef = 214A0067239E9C1A00DBA6F1 /* ChooseLoginViewController.swift */; };
		217496502391832700243B41 /* AppDelegate.swift in Sources */ = {isa = PBXBuildFile; fileRef = 2174964F2391832700243B41 /* AppDelegate.swift */; };
		217496522391832700243B41 /* SceneDelegate.swift in Sources */ = {isa = PBXBuildFile; fileRef = 217496512391832700243B41 /* SceneDelegate.swift */; };
		217496542391832700243B41 /* ViewController.swift in Sources */ = {isa = PBXBuildFile; fileRef = 217496532391832700243B41 /* ViewController.swift */; };
		217496572391832700243B41 /* Main.storyboard in Resources */ = {isa = PBXBuildFile; fileRef = 217496552391832700243B41 /* Main.storyboard */; };
		217496592391832900243B41 /* Assets.xcassets in Resources */ = {isa = PBXBuildFile; fileRef = 217496582391832900243B41 /* Assets.xcassets */; };
		2174965C2391832900243B41 /* LaunchScreen.storyboard in Resources */ = {isa = PBXBuildFile; fileRef = 2174965A2391832900243B41 /* LaunchScreen.storyboard */; };
		2174966823918F3100243B41 /* AddPatientViewController.swift in Sources */ = {isa = PBXBuildFile; fileRef = 2174966723918F3100243B41 /* AddPatientViewController.swift */; };
		2174966A239190FD00243B41 /* DairyListViewController.swift in Sources */ = {isa = PBXBuildFile; fileRef = 21749669239190FD00243B41 /* DairyListViewController.swift */; };
		2174966C2391913300243B41 /* PatientListViewController.swift in Sources */ = {isa = PBXBuildFile; fileRef = 2174966B2391913300243B41 /* PatientListViewController.swift */; };
		2174966E2391937A00243B41 /* Patient.swift in Sources */ = {isa = PBXBuildFile; fileRef = 2174966D2391937A00243B41 /* Patient.swift */; };
		217496702391A4F500243B41 /* LoginViewController.swift in Sources */ = {isa = PBXBuildFile; fileRef = 2174966F2391A4F500243B41 /* LoginViewController.swift */; };
		83F72D69651889CD514430FE /* Pods_NiziApp.framework in Frameworks */ = {isa = PBXBuildFile; fileRef = A0B51B7BCF4F006859C0444C /* Pods_NiziApp.framework */; };
		9322A70023966FA7003F136D /* Doctor.swift in Sources */ = {isa = PBXBuildFile; fileRef = 9322A6FF23966FA7003F136D /* Doctor.swift */; };
		9322A702239671BF003F136D /* Consumption.swift in Sources */ = {isa = PBXBuildFile; fileRef = 9322A701239671BF003F136D /* Consumption.swift */; };
		9322A704239680D7003F136D /* Meal.swift in Sources */ = {isa = PBXBuildFile; fileRef = 9322A703239680D7003F136D /* Meal.swift */; };
		9322A70623968798003F136D /* Food.swift in Sources */ = {isa = PBXBuildFile; fileRef = 9322A70523968798003F136D /* Food.swift */; };
		9322A708239697B0003F136D /* DietaryManagement.swift in Sources */ = {isa = PBXBuildFile; fileRef = 9322A707239697B0003F136D /* DietaryManagement.swift */; };
/* End PBXBuildFile section */

/* Begin PBXFileReference section */
		211A104623966211002A42DA /* Auth0.plist */ = {isa = PBXFileReference; fileEncoding = 4; lastKnownFileType = text.plist.xml; path = Auth0.plist; sourceTree = "<group>"; };
		211A104823966DE3002A42DA /* NiZiAPIHelper.swift */ = {isa = PBXFileReference; lastKnownFileType = sourcecode.swift; path = NiZiAPIHelper.swift; sourceTree = "<group>"; };
		211A105023969D17002A42DA /* en */ = {isa = PBXFileReference; lastKnownFileType = text.plist.strings; name = en; path = en.lproj/Localizable.strings; sourceTree = "<group>"; };
		211A105223969D49002A42DA /* nl */ = {isa = PBXFileReference; lastKnownFileType = text.plist.strings; name = nl; path = nl.lproj/Main.strings; sourceTree = "<group>"; };
		211A105323969D4B002A42DA /* nl */ = {isa = PBXFileReference; lastKnownFileType = text.plist.strings; name = nl; path = nl.lproj/LaunchScreen.strings; sourceTree = "<group>"; };
		211A105423969D4C002A42DA /* nl */ = {isa = PBXFileReference; lastKnownFileType = text.plist.strings; name = nl; path = nl.lproj/Localizable.strings; sourceTree = "<group>"; };
		21488B14239E4B7B004D31C8 /* Auth.swift */ = {isa = PBXFileReference; lastKnownFileType = sourcecode.swift; path = Auth.swift; sourceTree = "<group>"; };
		21488B16239E4C57004D31C8 /* Account.swift */ = {isa = PBXFileReference; lastKnownFileType = sourcecode.swift; path = Account.swift; sourceTree = "<group>"; };
		21488B18239E4CC9004D31C8 /* Login.swift */ = {isa = PBXFileReference; lastKnownFileType = sourcecode.swift; path = Login.swift; sourceTree = "<group>"; };
		21488B1A239E53E2004D31C8 /* Token.swift */ = {isa = PBXFileReference; lastKnownFileType = sourcecode.swift; path = Token.swift; sourceTree = "<group>"; };
		214A0067239E9C1A00DBA6F1 /* ChooseLoginViewController.swift */ = {isa = PBXFileReference; lastKnownFileType = sourcecode.swift; path = ChooseLoginViewController.swift; sourceTree = "<group>"; };
		2174964C2391832700243B41 /* NiziApp.app */ = {isa = PBXFileReference; explicitFileType = wrapper.application; includeInIndex = 0; path = NiziApp.app; sourceTree = BUILT_PRODUCTS_DIR; };
		2174964F2391832700243B41 /* AppDelegate.swift */ = {isa = PBXFileReference; lastKnownFileType = sourcecode.swift; path = AppDelegate.swift; sourceTree = "<group>"; };
		217496512391832700243B41 /* SceneDelegate.swift */ = {isa = PBXFileReference; lastKnownFileType = sourcecode.swift; path = SceneDelegate.swift; sourceTree = "<group>"; };
		217496532391832700243B41 /* ViewController.swift */ = {isa = PBXFileReference; lastKnownFileType = sourcecode.swift; path = ViewController.swift; sourceTree = "<group>"; };
		217496562391832700243B41 /* Base */ = {isa = PBXFileReference; lastKnownFileType = file.storyboard; name = Base; path = Base.lproj/Main.storyboard; sourceTree = "<group>"; };
		217496582391832900243B41 /* Assets.xcassets */ = {isa = PBXFileReference; lastKnownFileType = folder.assetcatalog; path = Assets.xcassets; sourceTree = "<group>"; };
		2174965B2391832900243B41 /* Base */ = {isa = PBXFileReference; lastKnownFileType = file.storyboard; name = Base; path = Base.lproj/LaunchScreen.storyboard; sourceTree = "<group>"; };
		2174965D2391832900243B41 /* Info.plist */ = {isa = PBXFileReference; lastKnownFileType = text.plist.xml; path = Info.plist; sourceTree = "<group>"; };
		2174966723918F3100243B41 /* AddPatientViewController.swift */ = {isa = PBXFileReference; lastKnownFileType = sourcecode.swift; path = AddPatientViewController.swift; sourceTree = "<group>"; };
		21749669239190FD00243B41 /* DairyListViewController.swift */ = {isa = PBXFileReference; lastKnownFileType = sourcecode.swift; path = DairyListViewController.swift; sourceTree = "<group>"; };
		2174966B2391913300243B41 /* PatientListViewController.swift */ = {isa = PBXFileReference; lastKnownFileType = sourcecode.swift; path = PatientListViewController.swift; sourceTree = "<group>"; };
		2174966D2391937A00243B41 /* Patient.swift */ = {isa = PBXFileReference; lastKnownFileType = sourcecode.swift; path = Patient.swift; sourceTree = "<group>"; };
		2174966F2391A4F500243B41 /* LoginViewController.swift */ = {isa = PBXFileReference; lastKnownFileType = sourcecode.swift; path = LoginViewController.swift; sourceTree = "<group>"; };
		9322A6FF23966FA7003F136D /* Doctor.swift */ = {isa = PBXFileReference; lastKnownFileType = sourcecode.swift; path = Doctor.swift; sourceTree = "<group>"; };
		9322A701239671BF003F136D /* Consumption.swift */ = {isa = PBXFileReference; lastKnownFileType = sourcecode.swift; path = Consumption.swift; sourceTree = "<group>"; };
		9322A703239680D7003F136D /* Meal.swift */ = {isa = PBXFileReference; lastKnownFileType = sourcecode.swift; path = Meal.swift; sourceTree = "<group>"; };
		9322A70523968798003F136D /* Food.swift */ = {isa = PBXFileReference; lastKnownFileType = sourcecode.swift; path = Food.swift; sourceTree = "<group>"; };
		9322A707239697B0003F136D /* DietaryManagement.swift */ = {isa = PBXFileReference; lastKnownFileType = sourcecode.swift; path = DietaryManagement.swift; sourceTree = "<group>"; };
		A0B51B7BCF4F006859C0444C /* Pods_NiziApp.framework */ = {isa = PBXFileReference; explicitFileType = wrapper.framework; includeInIndex = 0; path = Pods_NiziApp.framework; sourceTree = BUILT_PRODUCTS_DIR; };
		C698404F33E3A6522C3D6B70 /* Pods-NiziApp.release.xcconfig */ = {isa = PBXFileReference; includeInIndex = 1; lastKnownFileType = text.xcconfig; name = "Pods-NiziApp.release.xcconfig"; path = "Target Support Files/Pods-NiziApp/Pods-NiziApp.release.xcconfig"; sourceTree = "<group>"; };
		E7237B7618E484E6DF0452F3 /* Pods-NiziApp.debug.xcconfig */ = {isa = PBXFileReference; includeInIndex = 1; lastKnownFileType = text.xcconfig; name = "Pods-NiziApp.debug.xcconfig"; path = "Target Support Files/Pods-NiziApp/Pods-NiziApp.debug.xcconfig"; sourceTree = "<group>"; };
/* End PBXFileReference section */

/* Begin PBXFrameworksBuildPhase section */
		217496492391832700243B41 /* Frameworks */ = {
			isa = PBXFrameworksBuildPhase;
			buildActionMask = 2147483647;
			files = (
				83F72D69651889CD514430FE /* Pods_NiziApp.framework in Frameworks */,
			);
			runOnlyForDeploymentPostprocessing = 0;
		};
/* End PBXFrameworksBuildPhase section */

/* Begin PBXGroup section */
		06AAAB2BB9282299FE4E0CC1 /* Pods */ = {
			isa = PBXGroup;
			children = (
				E7237B7618E484E6DF0452F3 /* Pods-NiziApp.debug.xcconfig */,
				C698404F33E3A6522C3D6B70 /* Pods-NiziApp.release.xcconfig */,
			);
			path = Pods;
			sourceTree = "<group>";
		};
		211A104A23968C5B002A42DA /* API */ = {
			isa = PBXGroup;
			children = (
				211A104823966DE3002A42DA /* NiZiAPIHelper.swift */,
			);
			path = API;
			sourceTree = "<group>";
		};
		217496432391832700243B41 = {
			isa = PBXGroup;
			children = (
				2174964E2391832700243B41 /* NiziApp */,
				2174964D2391832700243B41 /* Products */,
				06AAAB2BB9282299FE4E0CC1 /* Pods */,
				8EBB918C5949E75D013E6EF3 /* Frameworks */,
			);
			sourceTree = "<group>";
		};
		2174964D2391832700243B41 /* Products */ = {
			isa = PBXGroup;
			children = (
				2174964C2391832700243B41 /* NiziApp.app */,
			);
			name = Products;
			sourceTree = "<group>";
		};
		2174964E2391832700243B41 /* NiziApp */ = {
			isa = PBXGroup;
			children = (
				211A104A23968C5B002A42DA /* API */,
				2174966423918EBC00243B41 /* Model */,
				2174966323918E8200243B41 /* Controller */,
				2174964F2391832700243B41 /* AppDelegate.swift */,
				217496512391832700243B41 /* SceneDelegate.swift */,
				217496552391832700243B41 /* Main.storyboard */,
				217496582391832900243B41 /* Assets.xcassets */,
				2174965A2391832900243B41 /* LaunchScreen.storyboard */,
				211A104623966211002A42DA /* Auth0.plist */,
				2174965D2391832900243B41 /* Info.plist */,
				211A105123969D17002A42DA /* Localizable.strings */,
			);
			path = NiziApp;
			sourceTree = "<group>";
		};
		2174966323918E8200243B41 /* Controller */ = {
			isa = PBXGroup;
			children = (
				2174966723918F3100243B41 /* AddPatientViewController.swift */,
				217496532391832700243B41 /* ViewController.swift */,
				21749669239190FD00243B41 /* DairyListViewController.swift */,
				2174966B2391913300243B41 /* PatientListViewController.swift */,
				2174966F2391A4F500243B41 /* LoginViewController.swift */,
				214A0067239E9C1A00DBA6F1 /* ChooseLoginViewController.swift */,
			);
			path = Controller;
			sourceTree = "<group>";
		};
		2174966423918EBC00243B41 /* Model */ = {
			isa = PBXGroup;
			children = (
				2174966D2391937A00243B41 /* Patient.swift */,
				9322A6FF23966FA7003F136D /* Doctor.swift */,
				9322A701239671BF003F136D /* Consumption.swift */,
				9322A703239680D7003F136D /* Meal.swift */,
				9322A70523968798003F136D /* Food.swift */,
				9322A707239697B0003F136D /* DietaryManagement.swift */,
				21488B14239E4B7B004D31C8 /* Auth.swift */,
				21488B16239E4C57004D31C8 /* Account.swift */,
				21488B18239E4CC9004D31C8 /* Login.swift */,
				21488B1A239E53E2004D31C8 /* Token.swift */,
			);
			path = Model;
			sourceTree = "<group>";
		};
		8EBB918C5949E75D013E6EF3 /* Frameworks */ = {
			isa = PBXGroup;
			children = (
				A0B51B7BCF4F006859C0444C /* Pods_NiziApp.framework */,
			);
			name = Frameworks;
			sourceTree = "<group>";
		};
/* End PBXGroup section */

/* Begin PBXNativeTarget section */
		2174964B2391832700243B41 /* NiziApp */ = {
			isa = PBXNativeTarget;
			buildConfigurationList = 217496602391832900243B41 /* Build configuration list for PBXNativeTarget "NiziApp" */;
			buildPhases = (
				745349FC25FF9FA1EC6B2445 /* [CP] Check Pods Manifest.lock */,
				217496482391832700243B41 /* Sources */,
				217496492391832700243B41 /* Frameworks */,
				2174964A2391832700243B41 /* Resources */,
				68F144263F8089751288805C /* [CP] Embed Pods Frameworks */,
			);
			buildRules = (
			);
			dependencies = (
			);
			name = NiziApp;
			productName = NiziApp;
			productReference = 2174964C2391832700243B41 /* NiziApp.app */;
			productType = "com.apple.product-type.application";
		};
/* End PBXNativeTarget section */

/* Begin PBXProject section */
		217496442391832700243B41 /* Project object */ = {
			isa = PBXProject;
			attributes = {
				LastSwiftUpdateCheck = 1120;
				LastUpgradeCheck = 1120;
				ORGANIZATIONNAME = "Samir Yeasin";
				TargetAttributes = {
					2174964B2391832700243B41 = {
						CreatedOnToolsVersion = 11.2.1;
					};
				};
			};
			buildConfigurationList = 217496472391832700243B41 /* Build configuration list for PBXProject "NiziApp" */;
			compatibilityVersion = "Xcode 9.3";
			developmentRegion = en;
			hasScannedForEncodings = 0;
			knownRegions = (
				en,
				Base,
				nl,
			);
			mainGroup = 217496432391832700243B41;
			productRefGroup = 2174964D2391832700243B41 /* Products */;
			projectDirPath = "";
			projectRoot = "";
			targets = (
				2174964B2391832700243B41 /* NiziApp */,
			);
		};
/* End PBXProject section */

/* Begin PBXResourcesBuildPhase section */
		2174964A2391832700243B41 /* Resources */ = {
			isa = PBXResourcesBuildPhase;
			buildActionMask = 2147483647;
			files = (
				211A104F23969D17002A42DA /* Localizable.strings in Resources */,
				2174965C2391832900243B41 /* LaunchScreen.storyboard in Resources */,
				217496592391832900243B41 /* Assets.xcassets in Resources */,
				217496572391832700243B41 /* Main.storyboard in Resources */,
				211A104723966212002A42DA /* Auth0.plist in Resources */,
			);
			runOnlyForDeploymentPostprocessing = 0;
		};
/* End PBXResourcesBuildPhase section */

/* Begin PBXShellScriptBuildPhase section */
		68F144263F8089751288805C /* [CP] Embed Pods Frameworks */ = {
			isa = PBXShellScriptBuildPhase;
			buildActionMask = 2147483647;
			files = (
			);
			inputFileListPaths = (
				"${PODS_ROOT}/Target Support Files/Pods-NiziApp/Pods-NiziApp-frameworks-${CONFIGURATION}-input-files.xcfilelist",
			);
			name = "[CP] Embed Pods Frameworks";
			outputFileListPaths = (
				"${PODS_ROOT}/Target Support Files/Pods-NiziApp/Pods-NiziApp-frameworks-${CONFIGURATION}-output-files.xcfilelist",
			);
			runOnlyForDeploymentPostprocessing = 0;
			shellPath = /bin/sh;
			shellScript = "\"${PODS_ROOT}/Target Support Files/Pods-NiziApp/Pods-NiziApp-frameworks.sh\"\n";
			showEnvVarsInLog = 0;
		};
		745349FC25FF9FA1EC6B2445 /* [CP] Check Pods Manifest.lock */ = {
			isa = PBXShellScriptBuildPhase;
			buildActionMask = 2147483647;
			files = (
			);
			inputFileListPaths = (
			);
			inputPaths = (
				"${PODS_PODFILE_DIR_PATH}/Podfile.lock",
				"${PODS_ROOT}/Manifest.lock",
			);
			name = "[CP] Check Pods Manifest.lock";
			outputFileListPaths = (
			);
			outputPaths = (
				"$(DERIVED_FILE_DIR)/Pods-NiziApp-checkManifestLockResult.txt",
			);
			runOnlyForDeploymentPostprocessing = 0;
			shellPath = /bin/sh;
			shellScript = "diff \"${PODS_PODFILE_DIR_PATH}/Podfile.lock\" \"${PODS_ROOT}/Manifest.lock\" > /dev/null\nif [ $? != 0 ] ; then\n    # print error to STDERR\n    echo \"error: The sandbox is not in sync with the Podfile.lock. Run 'pod install' or update your CocoaPods installation.\" >&2\n    exit 1\nfi\n# This output is used by Xcode 'outputs' to avoid re-running this script phase.\necho \"SUCCESS\" > \"${SCRIPT_OUTPUT_FILE_0}\"\n";
			showEnvVarsInLog = 0;
		};
/* End PBXShellScriptBuildPhase section */

/* Begin PBXSourcesBuildPhase section */
		217496482391832700243B41 /* Sources */ = {
			isa = PBXSourcesBuildPhase;
			buildActionMask = 2147483647;
			files = (
				214A0068239E9C1A00DBA6F1 /* ChooseLoginViewController.swift in Sources */,
				217496542391832700243B41 /* ViewController.swift in Sources */,
				21488B19239E4CC9004D31C8 /* Login.swift in Sources */,
				217496502391832700243B41 /* AppDelegate.swift in Sources */,
				2174966C2391913300243B41 /* PatientListViewController.swift in Sources */,
				9322A708239697B0003F136D /* DietaryManagement.swift in Sources */,
				2174966823918F3100243B41 /* AddPatientViewController.swift in Sources */,
				21488B17239E4C57004D31C8 /* Account.swift in Sources */,
				21488B15239E4B7B004D31C8 /* Auth.swift in Sources */,
				9322A704239680D7003F136D /* Meal.swift in Sources */,
				21488B1B239E53E2004D31C8 /* Token.swift in Sources */,
				9322A70623968798003F136D /* Food.swift in Sources */,
				217496702391A4F500243B41 /* LoginViewController.swift in Sources */,
				211A104923966DE3002A42DA /* NiZiAPIHelper.swift in Sources */,
				9322A70023966FA7003F136D /* Doctor.swift in Sources */,
				2174966E2391937A00243B41 /* Patient.swift in Sources */,
				9322A702239671BF003F136D /* Consumption.swift in Sources */,
				2174966A239190FD00243B41 /* DairyListViewController.swift in Sources */,
				217496522391832700243B41 /* SceneDelegate.swift in Sources */,
			);
			runOnlyForDeploymentPostprocessing = 0;
		};
/* End PBXSourcesBuildPhase section */

/* Begin PBXVariantGroup section */
		211A105123969D17002A42DA /* Localizable.strings */ = {
			isa = PBXVariantGroup;
			children = (
				211A105023969D17002A42DA /* en */,
				211A105423969D4C002A42DA /* nl */,
			);
			name = Localizable.strings;
			sourceTree = "<group>";
		};
		217496552391832700243B41 /* Main.storyboard */ = {
			isa = PBXVariantGroup;
			children = (
				217496562391832700243B41 /* Base */,
				211A105223969D49002A42DA /* nl */,
			);
			name = Main.storyboard;
			sourceTree = "<group>";
		};
		2174965A2391832900243B41 /* LaunchScreen.storyboard */ = {
			isa = PBXVariantGroup;
			children = (
				2174965B2391832900243B41 /* Base */,
				211A105323969D4B002A42DA /* nl */,
			);
			name = LaunchScreen.storyboard;
			sourceTree = "<group>";
		};
/* End PBXVariantGroup section */

/* Begin XCBuildConfiguration section */
		2174965E2391832900243B41 /* Debug */ = {
			isa = XCBuildConfiguration;
			buildSettings = {
				ALWAYS_SEARCH_USER_PATHS = NO;
				CLANG_ANALYZER_LOCALIZABILITY_NONLOCALIZED = YES;
				CLANG_ANALYZER_NONNULL = YES;
				CLANG_ANALYZER_NUMBER_OBJECT_CONVERSION = YES_AGGRESSIVE;
				CLANG_CXX_LANGUAGE_STANDARD = "gnu++14";
				CLANG_CXX_LIBRARY = "libc++";
				CLANG_ENABLE_MODULES = YES;
				CLANG_ENABLE_OBJC_ARC = YES;
				CLANG_ENABLE_OBJC_WEAK = YES;
				CLANG_WARN_BLOCK_CAPTURE_AUTORELEASING = YES;
				CLANG_WARN_BOOL_CONVERSION = YES;
				CLANG_WARN_COMMA = YES;
				CLANG_WARN_CONSTANT_CONVERSION = YES;
				CLANG_WARN_DEPRECATED_OBJC_IMPLEMENTATIONS = YES;
				CLANG_WARN_DIRECT_OBJC_ISA_USAGE = YES_ERROR;
				CLANG_WARN_DOCUMENTATION_COMMENTS = YES;
				CLANG_WARN_EMPTY_BODY = YES;
				CLANG_WARN_ENUM_CONVERSION = YES;
				CLANG_WARN_INFINITE_RECURSION = YES;
				CLANG_WARN_INT_CONVERSION = YES;
				CLANG_WARN_NON_LITERAL_NULL_CONVERSION = YES;
				CLANG_WARN_OBJC_IMPLICIT_RETAIN_SELF = YES;
				CLANG_WARN_OBJC_LITERAL_CONVERSION = YES;
				CLANG_WARN_OBJC_ROOT_CLASS = YES_ERROR;
				CLANG_WARN_RANGE_LOOP_ANALYSIS = YES;
				CLANG_WARN_STRICT_PROTOTYPES = YES;
				CLANG_WARN_SUSPICIOUS_MOVE = YES;
				CLANG_WARN_UNGUARDED_AVAILABILITY = YES_AGGRESSIVE;
				CLANG_WARN_UNREACHABLE_CODE = YES;
				CLANG_WARN__DUPLICATE_METHOD_MATCH = YES;
				COPY_PHASE_STRIP = NO;
				DEBUG_INFORMATION_FORMAT = dwarf;
				ENABLE_STRICT_OBJC_MSGSEND = YES;
				ENABLE_TESTABILITY = YES;
				GCC_C_LANGUAGE_STANDARD = gnu11;
				GCC_DYNAMIC_NO_PIC = NO;
				GCC_NO_COMMON_BLOCKS = YES;
				GCC_OPTIMIZATION_LEVEL = 0;
				GCC_PREPROCESSOR_DEFINITIONS = (
					"DEBUG=1",
					"$(inherited)",
				);
				GCC_WARN_64_TO_32_BIT_CONVERSION = YES;
				GCC_WARN_ABOUT_RETURN_TYPE = YES_ERROR;
				GCC_WARN_UNDECLARED_SELECTOR = YES;
				GCC_WARN_UNINITIALIZED_AUTOS = YES_AGGRESSIVE;
				GCC_WARN_UNUSED_FUNCTION = YES;
				GCC_WARN_UNUSED_VARIABLE = YES;
				IPHONEOS_DEPLOYMENT_TARGET = 13.2;
				MTL_ENABLE_DEBUG_INFO = INCLUDE_SOURCE;
				MTL_FAST_MATH = YES;
				ONLY_ACTIVE_ARCH = YES;
				SDKROOT = iphoneos;
				SWIFT_ACTIVE_COMPILATION_CONDITIONS = DEBUG;
				SWIFT_OPTIMIZATION_LEVEL = "-Onone";
			};
			name = Debug;
		};
		2174965F2391832900243B41 /* Release */ = {
			isa = XCBuildConfiguration;
			buildSettings = {
				ALWAYS_SEARCH_USER_PATHS = NO;
				CLANG_ANALYZER_LOCALIZABILITY_NONLOCALIZED = YES;
				CLANG_ANALYZER_NONNULL = YES;
				CLANG_ANALYZER_NUMBER_OBJECT_CONVERSION = YES_AGGRESSIVE;
				CLANG_CXX_LANGUAGE_STANDARD = "gnu++14";
				CLANG_CXX_LIBRARY = "libc++";
				CLANG_ENABLE_MODULES = YES;
				CLANG_ENABLE_OBJC_ARC = YES;
				CLANG_ENABLE_OBJC_WEAK = YES;
				CLANG_WARN_BLOCK_CAPTURE_AUTORELEASING = YES;
				CLANG_WARN_BOOL_CONVERSION = YES;
				CLANG_WARN_COMMA = YES;
				CLANG_WARN_CONSTANT_CONVERSION = YES;
				CLANG_WARN_DEPRECATED_OBJC_IMPLEMENTATIONS = YES;
				CLANG_WARN_DIRECT_OBJC_ISA_USAGE = YES_ERROR;
				CLANG_WARN_DOCUMENTATION_COMMENTS = YES;
				CLANG_WARN_EMPTY_BODY = YES;
				CLANG_WARN_ENUM_CONVERSION = YES;
				CLANG_WARN_INFINITE_RECURSION = YES;
				CLANG_WARN_INT_CONVERSION = YES;
				CLANG_WARN_NON_LITERAL_NULL_CONVERSION = YES;
				CLANG_WARN_OBJC_IMPLICIT_RETAIN_SELF = YES;
				CLANG_WARN_OBJC_LITERAL_CONVERSION = YES;
				CLANG_WARN_OBJC_ROOT_CLASS = YES_ERROR;
				CLANG_WARN_RANGE_LOOP_ANALYSIS = YES;
				CLANG_WARN_STRICT_PROTOTYPES = YES;
				CLANG_WARN_SUSPICIOUS_MOVE = YES;
				CLANG_WARN_UNGUARDED_AVAILABILITY = YES_AGGRESSIVE;
				CLANG_WARN_UNREACHABLE_CODE = YES;
				CLANG_WARN__DUPLICATE_METHOD_MATCH = YES;
				COPY_PHASE_STRIP = NO;
				DEBUG_INFORMATION_FORMAT = "dwarf-with-dsym";
				ENABLE_NS_ASSERTIONS = NO;
				ENABLE_STRICT_OBJC_MSGSEND = YES;
				GCC_C_LANGUAGE_STANDARD = gnu11;
				GCC_NO_COMMON_BLOCKS = YES;
				GCC_WARN_64_TO_32_BIT_CONVERSION = YES;
				GCC_WARN_ABOUT_RETURN_TYPE = YES_ERROR;
				GCC_WARN_UNDECLARED_SELECTOR = YES;
				GCC_WARN_UNINITIALIZED_AUTOS = YES_AGGRESSIVE;
				GCC_WARN_UNUSED_FUNCTION = YES;
				GCC_WARN_UNUSED_VARIABLE = YES;
				IPHONEOS_DEPLOYMENT_TARGET = 13.2;
				MTL_ENABLE_DEBUG_INFO = NO;
				MTL_FAST_MATH = YES;
				SDKROOT = iphoneos;
				SWIFT_COMPILATION_MODE = wholemodule;
				SWIFT_OPTIMIZATION_LEVEL = "-O";
				VALIDATE_PRODUCT = YES;
			};
			name = Release;
		};
		217496612391832900243B41 /* Debug */ = {
			isa = XCBuildConfiguration;
			baseConfigurationReference = E7237B7618E484E6DF0452F3 /* Pods-NiziApp.debug.xcconfig */;
			buildSettings = {
				ASSETCATALOG_COMPILER_APPICON_NAME = AppIcon;
				CODE_SIGN_STYLE = Automatic;
				INFOPLIST_FILE = NiziApp/Info.plist;
				IPHONEOS_DEPLOYMENT_TARGET = 13.0;
				LD_RUNPATH_SEARCH_PATHS = (
					"$(inherited)",
					"@executable_path/Frameworks",
				);
				PRODUCT_BUNDLE_IDENTIFIER = Inholland.NiziApp;
				PRODUCT_NAME = "$(TARGET_NAME)";
				SWIFT_VERSION = 5.0;
				TARGETED_DEVICE_FAMILY = "1,2";
			};
			name = Debug;
		};
		217496622391832900243B41 /* Release */ = {
			isa = XCBuildConfiguration;
			baseConfigurationReference = C698404F33E3A6522C3D6B70 /* Pods-NiziApp.release.xcconfig */;
			buildSettings = {
				ASSETCATALOG_COMPILER_APPICON_NAME = AppIcon;
				CODE_SIGN_STYLE = Automatic;
				INFOPLIST_FILE = NiziApp/Info.plist;
				IPHONEOS_DEPLOYMENT_TARGET = 13.0;
				LD_RUNPATH_SEARCH_PATHS = (
					"$(inherited)",
					"@executable_path/Frameworks",
				);
				PRODUCT_BUNDLE_IDENTIFIER = Inholland.NiziApp;
				PRODUCT_NAME = "$(TARGET_NAME)";
				SWIFT_VERSION = 5.0;
				TARGETED_DEVICE_FAMILY = "1,2";
			};
			name = Release;
		};
/* End XCBuildConfiguration section */

/* Begin XCConfigurationList section */
		217496472391832700243B41 /* Build configuration list for PBXProject "NiziApp" */ = {
			isa = XCConfigurationList;
			buildConfigurations = (
				2174965E2391832900243B41 /* Debug */,
				2174965F2391832900243B41 /* Release */,
			);
			defaultConfigurationIsVisible = 0;
			defaultConfigurationName = Release;
		};
		217496602391832900243B41 /* Build configuration list for PBXNativeTarget "NiziApp" */ = {
			isa = XCConfigurationList;
			buildConfigurations = (
				217496612391832900243B41 /* Debug */,
				217496622391832900243B41 /* Release */,
			);
			defaultConfigurationIsVisible = 0;
			defaultConfigurationName = Release;
		};
/* End XCConfigurationList section */
	};
	rootObject = 217496442391832700243B41 /* Project object */;
}
