// !$*UTF8*$!
{
	archiveVersion = 1;
	classes = {
	};
	objectVersion = 51;
	objects = {

/* Begin PBXBuildFile section */
		211A104723966212002A42DA /* Auth0.plist in Resources */ = {isa = PBXBuildFile; fileRef = 211A104623966211002A42DA /* Auth0.plist */; };
		211A104923966DE3002A42DA /* NiZiAPIHelper.swift in Sources */ = {isa = PBXBuildFile; fileRef = 211A104823966DE3002A42DA /* NiZiAPIHelper.swift */; };
		211A104F23969D17002A42DA /* Localizable.strings in Resources */ = {isa = PBXBuildFile; fileRef = 211A105123969D17002A42DA /* Localizable.strings */; };
		21455B7223A0DA1B0037496E /* PatientListTableViewCell.swift in Sources */ = {isa = PBXBuildFile; fileRef = 21455B7123A0DA1B0037496E /* PatientListTableViewCell.swift */; };
		214DAD2423BE298C00448DB5 /* PatientOverviewViewController.swift in Sources */ = {isa = PBXBuildFile; fileRef = 214DAD2323BE298C00448DB5 /* PatientOverviewViewController.swift */; };
		214DB7AE255C2C37003FFCA7 /* NewPatient.swift in Sources */ = {isa = PBXBuildFile; fileRef = 214DB7AD255C2C37003FFCA7 /* NewPatient.swift */; };
		214DB7BA255C37BE003FFCA7 /* newFood.swift in Sources */ = {isa = PBXBuildFile; fileRef = 214DB7B9255C37BE003FFCA7 /* newFood.swift */; };
		214DB7BD255C37D0003FFCA7 /* NewRole.swift in Sources */ = {isa = PBXBuildFile; fileRef = 214DB7BC255C37D0003FFCA7 /* NewRole.swift */; };
		214DB7D425653AD9003FFCA7 /* newWeightUnit.swift in Sources */ = {isa = PBXBuildFile; fileRef = 214DB7D325653AD9003FFCA7 /* newWeightUnit.swift */; };
		214DB7D725653E7C003FFCA7 /* newFoodMealComponent.swift in Sources */ = {isa = PBXBuildFile; fileRef = 214DB7D625653E7C003FFCA7 /* newFoodMealComponent.swift */; };
		214F5EB323BF85C8003311A1 /* PatientGuidelineTableViewCell.swift in Sources */ = {isa = PBXBuildFile; fileRef = 214F5EB223BF85C8003311A1 /* PatientGuidelineTableViewCell.swift */; };
		214F7E1223C1F850002D670A /* EditPatientViewController.swift in Sources */ = {isa = PBXBuildFile; fileRef = 214F7E1123C1F850002D670A /* EditPatientViewController.swift */; };
		215303C92424DBDB00D58C9C /* AddPatientGuidelinesViewController.swift in Sources */ = {isa = PBXBuildFile; fileRef = 215303C82424DBDB00D58C9C /* AddPatientGuidelinesViewController.swift */; };
		2154CFDC242942D300E96AEF /* DiaryViewController.swift in Sources */ = {isa = PBXBuildFile; fileRef = 2154CFDB242942D300E96AEF /* DiaryViewController.swift */; };
		2154CFDF2429728900E96AEF /* TableTableViewController.swift in Sources */ = {isa = PBXBuildFile; fileRef = 2154CFDE2429728900E96AEF /* TableTableViewController.swift */; };
		2154CFE2242972E400E96AEF /* HeaderView.swift in Sources */ = {isa = PBXBuildFile; fileRef = 2154CFE0242972E400E96AEF /* HeaderView.swift */; };
		2154CFE3242972E400E96AEF /* HeaderView.xib in Resources */ = {isa = PBXBuildFile; fileRef = 2154CFE1242972E400E96AEF /* HeaderView.xib */; };
		2154CFE62429DA4200E96AEF /* ConversationViewController.swift in Sources */ = {isa = PBXBuildFile; fileRef = 2154CFE52429DA4200E96AEF /* ConversationViewController.swift */; };
		215DA6FC2567CE1F00B242B0 /* newConsumption.swift in Sources */ = {isa = PBXBuildFile; fileRef = 215DA6FB2567CE1F00B242B0 /* newConsumption.swift */; };
		215FE885256C30D0007F05AB /* NewFavorite.swift in Sources */ = {isa = PBXBuildFile; fileRef = 215FE884256C30D0007F05AB /* NewFavorite.swift */; };
		215FE88C256C456B007F05AB /* ConversationCell.swift in Sources */ = {isa = PBXBuildFile; fileRef = 215FE88B256C456B007F05AB /* ConversationCell.swift */; };
		215FE88F256C4643007F05AB /* NewConversation.swift in Sources */ = {isa = PBXBuildFile; fileRef = 215FE88E256C4643007F05AB /* NewConversation.swift */; };
		217496502391832700243B41 /* AppDelegate.swift in Sources */ = {isa = PBXBuildFile; fileRef = 2174964F2391832700243B41 /* AppDelegate.swift */; };
		217496522391832700243B41 /* SceneDelegate.swift in Sources */ = {isa = PBXBuildFile; fileRef = 217496512391832700243B41 /* SceneDelegate.swift */; };
		217496572391832700243B41 /* Main.storyboard in Resources */ = {isa = PBXBuildFile; fileRef = 217496552391832700243B41 /* Main.storyboard */; };
		217496592391832900243B41 /* Assets.xcassets in Resources */ = {isa = PBXBuildFile; fileRef = 217496582391832900243B41 /* Assets.xcassets */; };
		2174965C2391832900243B41 /* LaunchScreen.storyboard in Resources */ = {isa = PBXBuildFile; fileRef = 2174965A2391832900243B41 /* LaunchScreen.storyboard */; };
		2174966823918F3100243B41 /* AddPatientViewController.swift in Sources */ = {isa = PBXBuildFile; fileRef = 2174966723918F3100243B41 /* AddPatientViewController.swift */; };
		2174966C2391913300243B41 /* PatientListViewController.swift in Sources */ = {isa = PBXBuildFile; fileRef = 2174966B2391913300243B41 /* PatientListViewController.swift */; };
		2174966E2391937A00243B41 /* Patient.swift in Sources */ = {isa = PBXBuildFile; fileRef = 2174966D2391937A00243B41 /* Patient.swift */; };
		217496702391A4F500243B41 /* LoginViewController.swift in Sources */ = {isa = PBXBuildFile; fileRef = 2174966F2391A4F500243B41 /* LoginViewController.swift */; };
		21781EEA25A62BAD0069356A /* protocol.swift in Sources */ = {isa = PBXBuildFile; fileRef = 21781EE925A62BAD0069356A /* protocol.swift */; };
		2180FA6E257E557D0022920E /* NewConsumptionModel.swift in Sources */ = {isa = PBXBuildFile; fileRef = 2180FA6D257E557D0022920E /* NewConsumptionModel.swift */; };
		2180FA71257E563B0022920E /* PatientConsumption.swift in Sources */ = {isa = PBXBuildFile; fileRef = 2180FA70257E563B0022920E /* PatientConsumption.swift */; };
		2180FA7C257FBA620022920E /* NewConsumptionPatch.swift in Sources */ = {isa = PBXBuildFile; fileRef = 2180FA7B257FBA620022920E /* NewConsumptionPatch.swift */; };
		2180FA7F2580CE590022920E /* NewMeal.swift in Sources */ = {isa = PBXBuildFile; fileRef = 2180FA7E2580CE590022920E /* NewMeal.swift */; };
		2180FA822581027D0022920E /* NewMealFood.swift in Sources */ = {isa = PBXBuildFile; fileRef = 2180FA812581027D0022920E /* NewMealFood.swift */; };
		2180FA8D258117800022920E /* MealCreateViewController.swift in Sources */ = {isa = PBXBuildFile; fileRef = 2180FA8C2581177F0022920E /* MealCreateViewController.swift */; };
		2180FA90258126690022920E /* MealTableViewCell.swift in Sources */ = {isa = PBXBuildFile; fileRef = 2180FA8F258126690022920E /* MealTableViewCell.swift */; };
		2180FAA125813AF20022920E /* SearchMealProductsViewController.swift in Sources */ = {isa = PBXBuildFile; fileRef = 2180FAA025813AF10022920E /* SearchMealProductsViewController.swift */; };
		2180FAE3258604D30022920E /* HomeViewController.swift in Sources */ = {isa = PBXBuildFile; fileRef = 2180FAE2258604D20022920E /* HomeViewController.swift */; };
		21C58C782586B156004944AA /* MealSearchTableViewCell.swift in Sources */ = {isa = PBXBuildFile; fileRef = 21C58C772586B155004944AA /* MealSearchTableViewCell.swift */; };
		21C58C7B2586B9B7004944AA /* NewFavoriteShort.swift in Sources */ = {isa = PBXBuildFile; fileRef = 21C58C7A2586B9B7004944AA /* NewFavoriteShort.swift */; };
		21D8793725A348DE00E75037 /* DetailFoodViewController.swift in Sources */ = {isa = PBXBuildFile; fileRef = 21D8793625A348DD00E75037 /* DetailFoodViewController.swift */; };
		5330AE3B256BEAEE0027A768 /* NewDietaryManagement.swift in Sources */ = {isa = PBXBuildFile; fileRef = 5330AE3A256BEAEE0027A768 /* NewDietaryManagement.swift */; };
		5330AE3E256BEB490027A768 /* NewDietaryRestriction.swift in Sources */ = {isa = PBXBuildFile; fileRef = 5330AE3D256BEB490027A768 /* NewDietaryRestriction.swift */; };
		5330AE42257A77160027A768 /* AddConversationViewController.swift in Sources */ = {isa = PBXBuildFile; fileRef = 5330AE41257A77160027A768 /* AddConversationViewController.swift */; };
		5330AE48258267A00027A768 /* AddConversationItemViewController.swift in Sources */ = {isa = PBXBuildFile; fileRef = 5330AE472582679F0027A768 /* AddConversationItemViewController.swift */; };
		5330AE502583870B0027A768 /* CircularProgressView.swift in Sources */ = {isa = PBXBuildFile; fileRef = 5330AE4F2583870B0027A768 /* CircularProgressView.swift */; };
		5330AE542583BEE20027A768 /* ShowPatientDiaryViewController.swift in Sources */ = {isa = PBXBuildFile; fileRef = 5330AE532583BEE10027A768 /* ShowPatientDiaryViewController.swift */; };
		5335279A25A866B600106753 /* DietistTabBarController.swift in Sources */ = {isa = PBXBuildFile; fileRef = 5335279925A866B600106753 /* DietistTabBarController.swift */; };
		53840FB6255E99F80094C3C8 /* NewDoctor.swift in Sources */ = {isa = PBXBuildFile; fileRef = 53840FB5255E99F80094C3C8 /* NewDoctor.swift */; };
		53840FB8255EA2A20094C3C8 /* NewUser.swift in Sources */ = {isa = PBXBuildFile; fileRef = 53840FB7255EA2A20094C3C8 /* NewUser.swift */; };
		53840FBA255ED9680094C3C8 /* NewUserLogin.swift in Sources */ = {isa = PBXBuildFile; fileRef = 53840FB9255ED9680094C3C8 /* NewUserLogin.swift */; };
		83F72D69651889CD514430FE /* Pods_NiziApp.framework in Frameworks */ = {isa = PBXBuildFile; fileRef = A0B51B7BCF4F006859C0444C /* Pods_NiziApp.framework */; };
		9322A70B23A01DCE003F136D /* DiaryTableViewCell.swift in Sources */ = {isa = PBXBuildFile; fileRef = 9322A70A23A01DCE003F136D /* DiaryTableViewCell.swift */; };
		9322A71323A07922003F136D /* MainTabBarControllerViewController.swift in Sources */ = {isa = PBXBuildFile; fileRef = 9322A71223A07922003F136D /* MainTabBarControllerViewController.swift */; };
		9322A71923A08611003F136D /* SearchFoodViewController.swift in Sources */ = {isa = PBXBuildFile; fileRef = 9322A71823A08611003F136D /* SearchFoodViewController.swift */; };
		9322A71B23A08933003F136D /* SearchFoodTableViewCell.swift in Sources */ = {isa = PBXBuildFile; fileRef = 9322A71A23A08933003F136D /* SearchFoodTableViewCell.swift */; };
		9375BCB623B0F1E6004559D3 /* FoodDetailViewController.swift in Sources */ = {isa = PBXBuildFile; fileRef = 9375BCB523B0F1E6004559D3 /* FoodDetailViewController.swift */; };
		9375BCDA23B2727C004559D3 /* FavoriteViewController.swift in Sources */ = {isa = PBXBuildFile; fileRef = 9375BCD923B2727C004559D3 /* FavoriteViewController.swift */; };
		93EDD32D23BE80B9008836C4 /* MealSearchViewController.swift in Sources */ = {isa = PBXBuildFile; fileRef = 93EDD32C23BE80B9008836C4 /* MealSearchViewController.swift */; };
/* End PBXBuildFile section */

/* Begin PBXFileReference section */
		211A104623966211002A42DA /* Auth0.plist */ = {isa = PBXFileReference; fileEncoding = 4; lastKnownFileType = text.plist.xml; path = Auth0.plist; sourceTree = "<group>"; };
		211A104823966DE3002A42DA /* NiZiAPIHelper.swift */ = {isa = PBXFileReference; lastKnownFileType = sourcecode.swift; path = NiZiAPIHelper.swift; sourceTree = "<group>"; };
		211A105023969D17002A42DA /* en */ = {isa = PBXFileReference; lastKnownFileType = text.plist.strings; name = en; path = en.lproj/Localizable.strings; sourceTree = "<group>"; };
		211A105223969D49002A42DA /* nl */ = {isa = PBXFileReference; lastKnownFileType = text.plist.strings; name = nl; path = nl.lproj/Main.strings; sourceTree = "<group>"; };
		211A105323969D4B002A42DA /* nl */ = {isa = PBXFileReference; lastKnownFileType = text.plist.strings; name = nl; path = nl.lproj/LaunchScreen.strings; sourceTree = "<group>"; };
		211A105423969D4C002A42DA /* nl */ = {isa = PBXFileReference; lastKnownFileType = text.plist.strings; name = nl; path = nl.lproj/Localizable.strings; sourceTree = "<group>"; };
		21455B7123A0DA1B0037496E /* PatientListTableViewCell.swift */ = {isa = PBXFileReference; lastKnownFileType = sourcecode.swift; path = PatientListTableViewCell.swift; sourceTree = "<group>"; };
		214DAD2323BE298C00448DB5 /* PatientOverviewViewController.swift */ = {isa = PBXFileReference; lastKnownFileType = sourcecode.swift; path = PatientOverviewViewController.swift; sourceTree = "<group>"; };
		214DB7AD255C2C37003FFCA7 /* NewPatient.swift */ = {isa = PBXFileReference; lastKnownFileType = sourcecode.swift; path = NewPatient.swift; sourceTree = "<group>"; };
		214DB7B9255C37BE003FFCA7 /* newFood.swift */ = {isa = PBXFileReference; lastKnownFileType = sourcecode.swift; path = newFood.swift; sourceTree = "<group>"; };
		214DB7BC255C37D0003FFCA7 /* NewRole.swift */ = {isa = PBXFileReference; lastKnownFileType = sourcecode.swift; path = NewRole.swift; sourceTree = "<group>"; };
		214DB7D325653AD9003FFCA7 /* newWeightUnit.swift */ = {isa = PBXFileReference; lastKnownFileType = sourcecode.swift; path = newWeightUnit.swift; sourceTree = "<group>"; };
		214DB7D625653E7C003FFCA7 /* newFoodMealComponent.swift */ = {isa = PBXFileReference; lastKnownFileType = sourcecode.swift; path = newFoodMealComponent.swift; sourceTree = "<group>"; };
		214F5EB223BF85C8003311A1 /* PatientGuidelineTableViewCell.swift */ = {isa = PBXFileReference; lastKnownFileType = sourcecode.swift; path = PatientGuidelineTableViewCell.swift; sourceTree = "<group>"; };
		214F7E1123C1F850002D670A /* EditPatientViewController.swift */ = {isa = PBXFileReference; lastKnownFileType = sourcecode.swift; path = EditPatientViewController.swift; sourceTree = "<group>"; };
		215303C82424DBDB00D58C9C /* AddPatientGuidelinesViewController.swift */ = {isa = PBXFileReference; lastKnownFileType = sourcecode.swift; path = AddPatientGuidelinesViewController.swift; sourceTree = "<group>"; };
		2154CFDB242942D300E96AEF /* DiaryViewController.swift */ = {isa = PBXFileReference; lastKnownFileType = sourcecode.swift; path = DiaryViewController.swift; sourceTree = "<group>"; };
		2154CFDE2429728900E96AEF /* TableTableViewController.swift */ = {isa = PBXFileReference; lastKnownFileType = sourcecode.swift; path = TableTableViewController.swift; sourceTree = "<group>"; };
		2154CFE0242972E400E96AEF /* HeaderView.swift */ = {isa = PBXFileReference; lastKnownFileType = sourcecode.swift; path = HeaderView.swift; sourceTree = "<group>"; };
		2154CFE1242972E400E96AEF /* HeaderView.xib */ = {isa = PBXFileReference; lastKnownFileType = file.xib; path = HeaderView.xib; sourceTree = "<group>"; };
		2154CFE52429DA4200E96AEF /* ConversationViewController.swift */ = {isa = PBXFileReference; lastKnownFileType = sourcecode.swift; path = ConversationViewController.swift; sourceTree = "<group>"; };
		215DA6FB2567CE1F00B242B0 /* newConsumption.swift */ = {isa = PBXFileReference; lastKnownFileType = sourcecode.swift; path = newConsumption.swift; sourceTree = "<group>"; };
		215FE884256C30D0007F05AB /* NewFavorite.swift */ = {isa = PBXFileReference; lastKnownFileType = sourcecode.swift; path = NewFavorite.swift; sourceTree = "<group>"; };
		215FE88B256C456B007F05AB /* ConversationCell.swift */ = {isa = PBXFileReference; lastKnownFileType = sourcecode.swift; path = ConversationCell.swift; sourceTree = "<group>"; };
		215FE88E256C4643007F05AB /* NewConversation.swift */ = {isa = PBXFileReference; lastKnownFileType = sourcecode.swift; path = NewConversation.swift; sourceTree = "<group>"; };
		2174964C2391832700243B41 /* NiziApp.app */ = {isa = PBXFileReference; explicitFileType = wrapper.application; includeInIndex = 0; path = NiziApp.app; sourceTree = BUILT_PRODUCTS_DIR; };
		2174964F2391832700243B41 /* AppDelegate.swift */ = {isa = PBXFileReference; lastKnownFileType = sourcecode.swift; path = AppDelegate.swift; sourceTree = "<group>"; };
		217496512391832700243B41 /* SceneDelegate.swift */ = {isa = PBXFileReference; lastKnownFileType = sourcecode.swift; path = SceneDelegate.swift; sourceTree = "<group>"; };
		217496562391832700243B41 /* Base */ = {isa = PBXFileReference; lastKnownFileType = file.storyboard; name = Base; path = Base.lproj/Main.storyboard; sourceTree = "<group>"; };
		217496582391832900243B41 /* Assets.xcassets */ = {isa = PBXFileReference; lastKnownFileType = folder.assetcatalog; path = Assets.xcassets; sourceTree = "<group>"; };
		2174965B2391832900243B41 /* Base */ = {isa = PBXFileReference; lastKnownFileType = file.storyboard; name = Base; path = Base.lproj/LaunchScreen.storyboard; sourceTree = "<group>"; };
		2174965D2391832900243B41 /* Info.plist */ = {isa = PBXFileReference; lastKnownFileType = text.plist.xml; path = Info.plist; sourceTree = "<group>"; };
		2174966723918F3100243B41 /* AddPatientViewController.swift */ = {isa = PBXFileReference; lastKnownFileType = sourcecode.swift; path = AddPatientViewController.swift; sourceTree = "<group>"; };
		2174966B2391913300243B41 /* PatientListViewController.swift */ = {isa = PBXFileReference; lastKnownFileType = sourcecode.swift; path = PatientListViewController.swift; sourceTree = "<group>"; };
		2174966D2391937A00243B41 /* Patient.swift */ = {isa = PBXFileReference; lastKnownFileType = sourcecode.swift; path = Patient.swift; sourceTree = "<group>"; };
		2174966F2391A4F500243B41 /* LoginViewController.swift */ = {isa = PBXFileReference; lastKnownFileType = sourcecode.swift; path = LoginViewController.swift; sourceTree = "<group>"; };
		21781EE925A62BAD0069356A /* protocol.swift */ = {isa = PBXFileReference; lastKnownFileType = sourcecode.swift; path = protocol.swift; sourceTree = "<group>"; };
		2180FA6D257E557D0022920E /* NewConsumptionModel.swift */ = {isa = PBXFileReference; lastKnownFileType = sourcecode.swift; path = NewConsumptionModel.swift; sourceTree = "<group>"; };
		2180FA70257E563B0022920E /* PatientConsumption.swift */ = {isa = PBXFileReference; lastKnownFileType = sourcecode.swift; path = PatientConsumption.swift; sourceTree = "<group>"; };
		2180FA7B257FBA620022920E /* NewConsumptionPatch.swift */ = {isa = PBXFileReference; lastKnownFileType = sourcecode.swift; path = NewConsumptionPatch.swift; sourceTree = "<group>"; };
		2180FA7E2580CE590022920E /* NewMeal.swift */ = {isa = PBXFileReference; lastKnownFileType = sourcecode.swift; path = NewMeal.swift; sourceTree = "<group>"; };
		2180FA812581027D0022920E /* NewMealFood.swift */ = {isa = PBXFileReference; lastKnownFileType = sourcecode.swift; path = NewMealFood.swift; sourceTree = "<group>"; };
		2180FA8C2581177F0022920E /* MealCreateViewController.swift */ = {isa = PBXFileReference; lastKnownFileType = sourcecode.swift; path = MealCreateViewController.swift; sourceTree = "<group>"; };
		2180FA8F258126690022920E /* MealTableViewCell.swift */ = {isa = PBXFileReference; lastKnownFileType = sourcecode.swift; path = MealTableViewCell.swift; sourceTree = "<group>"; };
		2180FAA025813AF10022920E /* SearchMealProductsViewController.swift */ = {isa = PBXFileReference; lastKnownFileType = sourcecode.swift; path = SearchMealProductsViewController.swift; sourceTree = "<group>"; };
		2180FAE2258604D20022920E /* HomeViewController.swift */ = {isa = PBXFileReference; lastKnownFileType = sourcecode.swift; path = HomeViewController.swift; sourceTree = "<group>"; };
		21C58C772586B155004944AA /* MealSearchTableViewCell.swift */ = {isa = PBXFileReference; lastKnownFileType = sourcecode.swift; path = MealSearchTableViewCell.swift; sourceTree = "<group>"; };
		21C58C7A2586B9B7004944AA /* NewFavoriteShort.swift */ = {isa = PBXFileReference; lastKnownFileType = sourcecode.swift; path = NewFavoriteShort.swift; sourceTree = "<group>"; };
		21D8793625A348DD00E75037 /* DetailFoodViewController.swift */ = {isa = PBXFileReference; lastKnownFileType = sourcecode.swift; path = DetailFoodViewController.swift; sourceTree = "<group>"; };
		5330AE3A256BEAEE0027A768 /* NewDietaryManagement.swift */ = {isa = PBXFileReference; lastKnownFileType = sourcecode.swift; path = NewDietaryManagement.swift; sourceTree = "<group>"; };
		5330AE3D256BEB490027A768 /* NewDietaryRestriction.swift */ = {isa = PBXFileReference; lastKnownFileType = sourcecode.swift; path = NewDietaryRestriction.swift; sourceTree = "<group>"; };
		5330AE41257A77160027A768 /* AddConversationViewController.swift */ = {isa = PBXFileReference; lastKnownFileType = sourcecode.swift; path = AddConversationViewController.swift; sourceTree = "<group>"; };
		5330AE472582679F0027A768 /* AddConversationItemViewController.swift */ = {isa = PBXFileReference; lastKnownFileType = sourcecode.swift; path = AddConversationItemViewController.swift; sourceTree = "<group>"; };
		5330AE4F2583870B0027A768 /* CircularProgressView.swift */ = {isa = PBXFileReference; lastKnownFileType = sourcecode.swift; path = CircularProgressView.swift; sourceTree = "<group>"; };
		5330AE532583BEE10027A768 /* ShowPatientDiaryViewController.swift */ = {isa = PBXFileReference; lastKnownFileType = sourcecode.swift; path = ShowPatientDiaryViewController.swift; sourceTree = "<group>"; };
		5335279925A866B600106753 /* DietistTabBarController.swift */ = {isa = PBXFileReference; lastKnownFileType = sourcecode.swift; path = DietistTabBarController.swift; sourceTree = "<group>"; };
		53840FB5255E99F80094C3C8 /* NewDoctor.swift */ = {isa = PBXFileReference; lastKnownFileType = sourcecode.swift; path = NewDoctor.swift; sourceTree = "<group>"; };
		53840FB7255EA2A20094C3C8 /* NewUser.swift */ = {isa = PBXFileReference; lastKnownFileType = sourcecode.swift; path = NewUser.swift; sourceTree = "<group>"; };
		53840FB9255ED9680094C3C8 /* NewUserLogin.swift */ = {isa = PBXFileReference; lastKnownFileType = sourcecode.swift; path = NewUserLogin.swift; sourceTree = "<group>"; };
		9322A70A23A01DCE003F136D /* DiaryTableViewCell.swift */ = {isa = PBXFileReference; lastKnownFileType = sourcecode.swift; path = DiaryTableViewCell.swift; sourceTree = "<group>"; };
		9322A71223A07922003F136D /* MainTabBarControllerViewController.swift */ = {isa = PBXFileReference; lastKnownFileType = sourcecode.swift; path = MainTabBarControllerViewController.swift; sourceTree = "<group>"; };
		9322A71823A08611003F136D /* SearchFoodViewController.swift */ = {isa = PBXFileReference; lastKnownFileType = sourcecode.swift; path = SearchFoodViewController.swift; sourceTree = "<group>"; };
		9322A71A23A08933003F136D /* SearchFoodTableViewCell.swift */ = {isa = PBXFileReference; lastKnownFileType = sourcecode.swift; path = SearchFoodTableViewCell.swift; sourceTree = "<group>"; };
		9375BCB523B0F1E6004559D3 /* FoodDetailViewController.swift */ = {isa = PBXFileReference; lastKnownFileType = sourcecode.swift; path = FoodDetailViewController.swift; sourceTree = "<group>"; };
		9375BCD923B2727C004559D3 /* FavoriteViewController.swift */ = {isa = PBXFileReference; lastKnownFileType = sourcecode.swift; path = FavoriteViewController.swift; sourceTree = "<group>"; };
		93EDD32C23BE80B9008836C4 /* MealSearchViewController.swift */ = {isa = PBXFileReference; lastKnownFileType = sourcecode.swift; path = MealSearchViewController.swift; sourceTree = "<group>"; };
		A0B51B7BCF4F006859C0444C /* Pods_NiziApp.framework */ = {isa = PBXFileReference; explicitFileType = wrapper.framework; includeInIndex = 0; path = Pods_NiziApp.framework; sourceTree = BUILT_PRODUCTS_DIR; };
		C698404F33E3A6522C3D6B70 /* Pods-NiziApp.release.xcconfig */ = {isa = PBXFileReference; includeInIndex = 1; lastKnownFileType = text.xcconfig; name = "Pods-NiziApp.release.xcconfig"; path = "Target Support Files/Pods-NiziApp/Pods-NiziApp.release.xcconfig"; sourceTree = "<group>"; };
		E7237B7618E484E6DF0452F3 /* Pods-NiziApp.debug.xcconfig */ = {isa = PBXFileReference; includeInIndex = 1; lastKnownFileType = text.xcconfig; name = "Pods-NiziApp.debug.xcconfig"; path = "Target Support Files/Pods-NiziApp/Pods-NiziApp.debug.xcconfig"; sourceTree = "<group>"; };
/* End PBXFileReference section */

/* Begin PBXFrameworksBuildPhase section */
		217496492391832700243B41 /* Frameworks */ = {
			isa = PBXFrameworksBuildPhase;
			buildActionMask = 2147483647;
			files = (
				83F72D69651889CD514430FE /* Pods_NiziApp.framework in Frameworks */,
			);
			runOnlyForDeploymentPostprocessing = 0;
		};
/* End PBXFrameworksBuildPhase section */

/* Begin PBXGroup section */
		06AAAB2BB9282299FE4E0CC1 /* Pods */ = {
			isa = PBXGroup;
			children = (
				E7237B7618E484E6DF0452F3 /* Pods-NiziApp.debug.xcconfig */,
				C698404F33E3A6522C3D6B70 /* Pods-NiziApp.release.xcconfig */,
			);
			path = Pods;
			sourceTree = "<group>";
		};
		211A104A23968C5B002A42DA /* API */ = {
			isa = PBXGroup;
			children = (
				211A104823966DE3002A42DA /* NiZiAPIHelper.swift */,
			);
			path = API;
			sourceTree = "<group>";
		};
		214DB7A9255C2A27003FFCA7 /* v2_API */ = {
			isa = PBXGroup;
			children = (
				214DB7AD255C2C37003FFCA7 /* NewPatient.swift */,
				214DB7B9255C37BE003FFCA7 /* newFood.swift */,
				214DB7BC255C37D0003FFCA7 /* NewRole.swift */,
				53840FB5255E99F80094C3C8 /* NewDoctor.swift */,
				53840FB7255EA2A20094C3C8 /* NewUser.swift */,
				53840FB9255ED9680094C3C8 /* NewUserLogin.swift */,
				214DB7D325653AD9003FFCA7 /* newWeightUnit.swift */,
				214DB7D625653E7C003FFCA7 /* newFoodMealComponent.swift */,
				215DA6FB2567CE1F00B242B0 /* newConsumption.swift */,
				5330AE3A256BEAEE0027A768 /* NewDietaryManagement.swift */,
				5330AE3D256BEB490027A768 /* NewDietaryRestriction.swift */,
				215FE884256C30D0007F05AB /* NewFavorite.swift */,
				215FE88E256C4643007F05AB /* NewConversation.swift */,
				2180FA6D257E557D0022920E /* NewConsumptionModel.swift */,
				2180FA70257E563B0022920E /* PatientConsumption.swift */,
				2180FA7B257FBA620022920E /* NewConsumptionPatch.swift */,
				2180FA7E2580CE590022920E /* NewMeal.swift */,
				2180FA812581027D0022920E /* NewMealFood.swift */,
				21C58C7A2586B9B7004944AA /* NewFavoriteShort.swift */,
				21781EE925A62BAD0069356A /* protocol.swift */,
			);
			path = v2_API;
			sourceTree = "<group>";
		};
		2154CFDD2429726C00E96AEF /* TableView */ = {
			isa = PBXGroup;
			children = (
				2154CFDE2429728900E96AEF /* TableTableViewController.swift */,
				2154CFE0242972E400E96AEF /* HeaderView.swift */,
				2154CFE1242972E400E96AEF /* HeaderView.xib */,
			);
			path = TableView;
			sourceTree = "<group>";
		};
		2154CFE424299FE100E96AEF /* Search */ = {
			isa = PBXGroup;
			children = (
				93EDD32C23BE80B9008836C4 /* MealSearchViewController.swift */,
				9375BCD923B2727C004559D3 /* FavoriteViewController.swift */,
				9322A71823A08611003F136D /* SearchFoodViewController.swift */,
			);
			path = Search;
			sourceTree = "<group>";
		};
		217496432391832700243B41 = {
			isa = PBXGroup;
			children = (
				2174964E2391832700243B41 /* NiziApp */,
				2174964D2391832700243B41 /* Products */,
				06AAAB2BB9282299FE4E0CC1 /* Pods */,
				8EBB918C5949E75D013E6EF3 /* Frameworks */,
			);
			sourceTree = "<group>";
		};
		2174964D2391832700243B41 /* Products */ = {
			isa = PBXGroup;
			children = (
				2174964C2391832700243B41 /* NiziApp.app */,
			);
			name = Products;
			sourceTree = "<group>";
		};
		2174964E2391832700243B41 /* NiziApp */ = {
			isa = PBXGroup;
			children = (
				211A104A23968C5B002A42DA /* API */,
				2174966423918EBC00243B41 /* Model */,
				2174966323918E8200243B41 /* Controller */,
				2174964F2391832700243B41 /* AppDelegate.swift */,
				217496512391832700243B41 /* SceneDelegate.swift */,
				217496552391832700243B41 /* Main.storyboard */,
				217496582391832900243B41 /* Assets.xcassets */,
				2174965A2391832900243B41 /* LaunchScreen.storyboard */,
				211A104623966211002A42DA /* Auth0.plist */,
				2174965D2391832900243B41 /* Info.plist */,
				211A105123969D17002A42DA /* Localizable.strings */,
			);
			path = NiziApp;
			sourceTree = "<group>";
		};
		2174966323918E8200243B41 /* Controller */ = {
			isa = PBXGroup;
			children = (
				2154CFDD2429726C00E96AEF /* TableView */,
				9375BCDB23B27287004559D3 /* Patient */,
				2174966723918F3100243B41 /* AddPatientViewController.swift */,
				2174966B2391913300243B41 /* PatientListViewController.swift */,
				2174966F2391A4F500243B41 /* LoginViewController.swift */,
				9322A71223A07922003F136D /* MainTabBarControllerViewController.swift */,
				214DAD2323BE298C00448DB5 /* PatientOverviewViewController.swift */,
				214F7E1123C1F850002D670A /* EditPatientViewController.swift */,
				215303C82424DBDB00D58C9C /* AddPatientGuidelinesViewController.swift */,
				5330AE41257A77160027A768 /* AddConversationViewController.swift */,
				5330AE472582679F0027A768 /* AddConversationItemViewController.swift */,
				5330AE4F2583870B0027A768 /* CircularProgressView.swift */,
				5330AE532583BEE10027A768 /* ShowPatientDiaryViewController.swift */,
				9375BCB523B0F1E6004559D3 /* FoodDetailViewController.swift */,
				5335279925A866B600106753 /* DietistTabBarController.swift */,
			);
			path = Controller;
			sourceTree = "<group>";
		};
		2174966423918EBC00243B41 /* Model */ = {
			isa = PBXGroup;
			children = (
				214DB7A9255C2A27003FFCA7 /* v2_API */,
				9322A70923A01D9C003F136D /* Cell */,
				2174966D2391937A00243B41 /* Patient.swift */,
			);
			path = Model;
			sourceTree = "<group>";
		};
		8EBB918C5949E75D013E6EF3 /* Frameworks */ = {
			isa = PBXGroup;
			children = (
				A0B51B7BCF4F006859C0444C /* Pods_NiziApp.framework */,
			);
			name = Frameworks;
			sourceTree = "<group>";
		};
		9322A70923A01D9C003F136D /* Cell */ = {
			isa = PBXGroup;
			children = (
				9322A70A23A01DCE003F136D /* DiaryTableViewCell.swift */,
				21455B7123A0DA1B0037496E /* PatientListTableViewCell.swift */,
				9322A71A23A08933003F136D /* SearchFoodTableViewCell.swift */,
				214F5EB223BF85C8003311A1 /* PatientGuidelineTableViewCell.swift */,
				215FE88B256C456B007F05AB /* ConversationCell.swift */,
				2180FA8F258126690022920E /* MealTableViewCell.swift */,
				21C58C772586B155004944AA /* MealSearchTableViewCell.swift */,
			);
			path = Cell;
			sourceTree = "<group>";
		};
		934F537823C163EB007745AF /* CreateMeal */ = {
			isa = PBXGroup;
			children = (
				2180FA8C2581177F0022920E /* MealCreateViewController.swift */,
				2180FAA025813AF10022920E /* SearchMealProductsViewController.swift */,
			);
			path = CreateMeal;
			sourceTree = "<group>";
		};
		9375BCDB23B27287004559D3 /* Patient */ = {
			isa = PBXGroup;
			children = (
				21D8793625A348DD00E75037 /* DetailFoodViewController.swift */,
				2154CFE424299FE100E96AEF /* Search */,
				934F537823C163EB007745AF /* CreateMeal */,
				2154CFDB242942D300E96AEF /* DiaryViewController.swift */,
				2154CFE52429DA4200E96AEF /* ConversationViewController.swift */,
				2180FAE2258604D20022920E /* HomeViewController.swift */,
			);
			path = Patient;
			sourceTree = "<group>";
		};
/* End PBXGroup section */

/* Begin PBXNativeTarget section */
		2174964B2391832700243B41 /* NiziApp */ = {
			isa = PBXNativeTarget;
			buildConfigurationList = 217496602391832900243B41 /* Build configuration list for PBXNativeTarget "NiziApp" */;
			buildPhases = (
				745349FC25FF9FA1EC6B2445 /* [CP] Check Pods Manifest.lock */,
				217496482391832700243B41 /* Sources */,
				217496492391832700243B41 /* Frameworks */,
				2174964A2391832700243B41 /* Resources */,
				68F144263F8089751288805C /* [CP] Embed Pods Frameworks */,
			);
			buildRules = (
			);
			dependencies = (
			);
			name = NiziApp;
			productName = NiziApp;
			productReference = 2174964C2391832700243B41 /* NiziApp.app */;
			productType = "com.apple.product-type.application";
		};
/* End PBXNativeTarget section */

/* Begin PBXProject section */
		217496442391832700243B41 /* Project object */ = {
			isa = PBXProject;
			attributes = {
				LastSwiftUpdateCheck = 1120;
				LastUpgradeCheck = 1120;
				ORGANIZATIONNAME = "Samir Yeasin";
				TargetAttributes = {
					2174964B2391832700243B41 = {
						CreatedOnToolsVersion = 11.2.1;
					};
				};
			};
			buildConfigurationList = 217496472391832700243B41 /* Build configuration list for PBXProject "NiziApp" */;
			compatibilityVersion = "Xcode 9.3";
			developmentRegion = en;
			hasScannedForEncodings = 0;
			knownRegions = (
				en,
				Base,
				nl,
			);
			mainGroup = 217496432391832700243B41;
			productRefGroup = 2174964D2391832700243B41 /* Products */;
			projectDirPath = "";
			projectRoot = "";
			targets = (
				2174964B2391832700243B41 /* NiziApp */,
			);
		};
/* End PBXProject section */

/* Begin PBXResourcesBuildPhase section */
		2174964A2391832700243B41 /* Resources */ = {
			isa = PBXResourcesBuildPhase;
			buildActionMask = 2147483647;
			files = (
				211A104F23969D17002A42DA /* Localizable.strings in Resources */,
				2174965C2391832900243B41 /* LaunchScreen.storyboard in Resources */,
				217496592391832900243B41 /* Assets.xcassets in Resources */,
				2154CFE3242972E400E96AEF /* HeaderView.xib in Resources */,
				217496572391832700243B41 /* Main.storyboard in Resources */,
				211A104723966212002A42DA /* Auth0.plist in Resources */,
			);
			runOnlyForDeploymentPostprocessing = 0;
		};
/* End PBXResourcesBuildPhase section */

/* Begin PBXShellScriptBuildPhase section */
		68F144263F8089751288805C /* [CP] Embed Pods Frameworks */ = {
			isa = PBXShellScriptBuildPhase;
			buildActionMask = 2147483647;
			files = (
			);
			inputFileListPaths = (
				"${PODS_ROOT}/Target Support Files/Pods-NiziApp/Pods-NiziApp-frameworks-${CONFIGURATION}-input-files.xcfilelist",
			);
			name = "[CP] Embed Pods Frameworks";
			outputFileListPaths = (
				"${PODS_ROOT}/Target Support Files/Pods-NiziApp/Pods-NiziApp-frameworks-${CONFIGURATION}-output-files.xcfilelist",
			);
			runOnlyForDeploymentPostprocessing = 0;
			shellPath = /bin/sh;
			shellScript = "\"${PODS_ROOT}/Target Support Files/Pods-NiziApp/Pods-NiziApp-frameworks.sh\"\n";
			showEnvVarsInLog = 0;
		};
		745349FC25FF9FA1EC6B2445 /* [CP] Check Pods Manifest.lock */ = {
			isa = PBXShellScriptBuildPhase;
			buildActionMask = 2147483647;
			files = (
			);
			inputFileListPaths = (
			);
			inputPaths = (
				"${PODS_PODFILE_DIR_PATH}/Podfile.lock",
				"${PODS_ROOT}/Manifest.lock",
			);
			name = "[CP] Check Pods Manifest.lock";
			outputFileListPaths = (
			);
			outputPaths = (
				"$(DERIVED_FILE_DIR)/Pods-NiziApp-checkManifestLockResult.txt",
			);
			runOnlyForDeploymentPostprocessing = 0;
			shellPath = /bin/sh;
			shellScript = "diff \"${PODS_PODFILE_DIR_PATH}/Podfile.lock\" \"${PODS_ROOT}/Manifest.lock\" > /dev/null\nif [ $? != 0 ] ; then\n    # print error to STDERR\n    echo \"error: The sandbox is not in sync with the Podfile.lock. Run 'pod install' or update your CocoaPods installation.\" >&2\n    exit 1\nfi\n# This output is used by Xcode 'outputs' to avoid re-running this script phase.\necho \"SUCCESS\" > \"${SCRIPT_OUTPUT_FILE_0}\"\n";
			showEnvVarsInLog = 0;
		};
/* End PBXShellScriptBuildPhase section */

/* Begin PBXSourcesBuildPhase section */
		217496482391832700243B41 /* Sources */ = {
			isa = PBXSourcesBuildPhase;
			buildActionMask = 2147483647;
			files = (
				2154CFE62429DA4200E96AEF /* ConversationViewController.swift in Sources */,
				53840FBA255ED9680094C3C8 /* NewUserLogin.swift in Sources */,
				21455B7223A0DA1B0037496E /* PatientListTableViewCell.swift in Sources */,
				2180FA7C257FBA620022920E /* NewConsumptionPatch.swift in Sources */,
				53840FB8255EA2A20094C3C8 /* NewUser.swift in Sources */,
				2180FAA125813AF20022920E /* SearchMealProductsViewController.swift in Sources */,
				9375BCB623B0F1E6004559D3 /* FoodDetailViewController.swift in Sources */,
				217496502391832700243B41 /* AppDelegate.swift in Sources */,
				2174966C2391913300243B41 /* PatientListViewController.swift in Sources */,
				2180FA8D258117800022920E /* MealCreateViewController.swift in Sources */,
				2180FA6E257E557D0022920E /* NewConsumptionModel.swift in Sources */,
				2154CFE2242972E400E96AEF /* HeaderView.swift in Sources */,
				53840FB6255E99F80094C3C8 /* NewDoctor.swift in Sources */,
				214DB7BA255C37BE003FFCA7 /* newFood.swift in Sources */,
				2174966823918F3100243B41 /* AddPatientViewController.swift in Sources */,
				214DB7BD255C37D0003FFCA7 /* NewRole.swift in Sources */,
				2154CFDC242942D300E96AEF /* DiaryViewController.swift in Sources */,
				2180FA71257E563B0022920E /* PatientConsumption.swift in Sources */,
				21781EEA25A62BAD0069356A /* protocol.swift in Sources */,
				5330AE48258267A00027A768 /* AddConversationItemViewController.swift in Sources */,
				5330AE502583870B0027A768 /* CircularProgressView.swift in Sources */,
				5335279A25A866B600106753 /* DietistTabBarController.swift in Sources */,
				9322A71923A08611003F136D /* SearchFoodViewController.swift in Sources */,
				5330AE3E256BEB490027A768 /* NewDietaryRestriction.swift in Sources */,
				215FE88F256C4643007F05AB /* NewConversation.swift in Sources */,
				2180FA822581027D0022920E /* NewMealFood.swift in Sources */,
				9322A71323A07922003F136D /* MainTabBarControllerViewController.swift in Sources */,
				21C58C782586B156004944AA /* MealSearchTableViewCell.swift in Sources */,
				215FE885256C30D0007F05AB /* NewFavorite.swift in Sources */,
				214F7E1223C1F850002D670A /* EditPatientViewController.swift in Sources */,
				5330AE42257A77160027A768 /* AddConversationViewController.swift in Sources */,
				2180FA90258126690022920E /* MealTableViewCell.swift in Sources */,
				214DB7AE255C2C37003FFCA7 /* NewPatient.swift in Sources */,
				93EDD32D23BE80B9008836C4 /* MealSearchViewController.swift in Sources */,
				217496702391A4F500243B41 /* LoginViewController.swift in Sources */,
				2154CFDF2429728900E96AEF /* TableTableViewController.swift in Sources */,
				21C58C7B2586B9B7004944AA /* NewFavoriteShort.swift in Sources */,
				214DB7D725653E7C003FFCA7 /* newFoodMealComponent.swift in Sources */,
				5330AE3B256BEAEE0027A768 /* NewDietaryManagement.swift in Sources */,
				211A104923966DE3002A42DA /* NiZiAPIHelper.swift in Sources */,
				9322A70B23A01DCE003F136D /* DiaryTableViewCell.swift in Sources */,
				9375BCDA23B2727C004559D3 /* FavoriteViewController.swift in Sources */,
				214DAD2423BE298C00448DB5 /* PatientOverviewViewController.swift in Sources */,
				2180FA7F2580CE590022920E /* NewMeal.swift in Sources */,
				2174966E2391937A00243B41 /* Patient.swift in Sources */,
				5330AE542583BEE20027A768 /* ShowPatientDiaryViewController.swift in Sources */,
				215FE88C256C456B007F05AB /* ConversationCell.swift in Sources */,
				214F5EB323BF85C8003311A1 /* PatientGuidelineTableViewCell.swift in Sources */,
				21D8793725A348DE00E75037 /* DetailFoodViewController.swift in Sources */,
				215303C92424DBDB00D58C9C /* AddPatientGuidelinesViewController.swift in Sources */,
				217496522391832700243B41 /* SceneDelegate.swift in Sources */,
				9322A71B23A08933003F136D /* SearchFoodTableViewCell.swift in Sources */,
				2180FAE3258604D30022920E /* HomeViewController.swift in Sources */,
				215DA6FC2567CE1F00B242B0 /* newConsumption.swift in Sources */,
				214DB7D425653AD9003FFCA7 /* newWeightUnit.swift in Sources */,
			);
			runOnlyForDeploymentPostprocessing = 0;
		};
/* End PBXSourcesBuildPhase section */

/* Begin PBXVariantGroup section */
		211A105123969D17002A42DA /* Localizable.strings */ = {
			isa = PBXVariantGroup;
			children = (
				211A105023969D17002A42DA /* en */,
				211A105423969D4C002A42DA /* nl */,
			);
			name = Localizable.strings;
			sourceTree = "<group>";
		};
		217496552391832700243B41 /* Main.storyboard */ = {
			isa = PBXVariantGroup;
			children = (
				217496562391832700243B41 /* Base */,
				211A105223969D49002A42DA /* nl */,
			);
			name = Main.storyboard;
			sourceTree = "<group>";
		};
		2174965A2391832900243B41 /* LaunchScreen.storyboard */ = {
			isa = PBXVariantGroup;
			children = (
				2174965B2391832900243B41 /* Base */,
				211A105323969D4B002A42DA /* nl */,
			);
			name = LaunchScreen.storyboard;
			sourceTree = "<group>";
		};
/* End PBXVariantGroup section */

/* Begin XCBuildConfiguration section */
		2174965E2391832900243B41 /* Debug */ = {
			isa = XCBuildConfiguration;
			buildSettings = {
				ALWAYS_SEARCH_USER_PATHS = NO;
				CLANG_ANALYZER_LOCALIZABILITY_NONLOCALIZED = YES;
				CLANG_ANALYZER_NONNULL = YES;
				CLANG_ANALYZER_NUMBER_OBJECT_CONVERSION = YES_AGGRESSIVE;
				CLANG_CXX_LANGUAGE_STANDARD = "gnu++14";
				CLANG_CXX_LIBRARY = "libc++";
				CLANG_ENABLE_MODULES = YES;
				CLANG_ENABLE_OBJC_ARC = YES;
				CLANG_ENABLE_OBJC_WEAK = YES;
				CLANG_WARN_BLOCK_CAPTURE_AUTORELEASING = YES;
				CLANG_WARN_BOOL_CONVERSION = YES;
				CLANG_WARN_COMMA = YES;
				CLANG_WARN_CONSTANT_CONVERSION = YES;
				CLANG_WARN_DEPRECATED_OBJC_IMPLEMENTATIONS = YES;
				CLANG_WARN_DIRECT_OBJC_ISA_USAGE = YES_ERROR;
				CLANG_WARN_DOCUMENTATION_COMMENTS = YES;
				CLANG_WARN_EMPTY_BODY = YES;
				CLANG_WARN_ENUM_CONVERSION = YES;
				CLANG_WARN_INFINITE_RECURSION = YES;
				CLANG_WARN_INT_CONVERSION = YES;
				CLANG_WARN_NON_LITERAL_NULL_CONVERSION = YES;
				CLANG_WARN_OBJC_IMPLICIT_RETAIN_SELF = YES;
				CLANG_WARN_OBJC_LITERAL_CONVERSION = YES;
				CLANG_WARN_OBJC_ROOT_CLASS = YES_ERROR;
				CLANG_WARN_RANGE_LOOP_ANALYSIS = YES;
				CLANG_WARN_STRICT_PROTOTYPES = YES;
				CLANG_WARN_SUSPICIOUS_MOVE = YES;
				CLANG_WARN_UNGUARDED_AVAILABILITY = YES_AGGRESSIVE;
				CLANG_WARN_UNREACHABLE_CODE = YES;
				CLANG_WARN__DUPLICATE_METHOD_MATCH = YES;
				COPY_PHASE_STRIP = NO;
				DEBUG_INFORMATION_FORMAT = dwarf;
				ENABLE_STRICT_OBJC_MSGSEND = YES;
				ENABLE_TESTABILITY = YES;
				GCC_C_LANGUAGE_STANDARD = gnu11;
				GCC_DYNAMIC_NO_PIC = NO;
				GCC_NO_COMMON_BLOCKS = YES;
				GCC_OPTIMIZATION_LEVEL = 0;
				GCC_PREPROCESSOR_DEFINITIONS = (
					"DEBUG=1",
					"$(inherited)",
				);
				GCC_WARN_64_TO_32_BIT_CONVERSION = YES;
				GCC_WARN_ABOUT_RETURN_TYPE = YES_ERROR;
				GCC_WARN_UNDECLARED_SELECTOR = YES;
				GCC_WARN_UNINITIALIZED_AUTOS = YES_AGGRESSIVE;
				GCC_WARN_UNUSED_FUNCTION = YES;
				GCC_WARN_UNUSED_VARIABLE = YES;
				IPHONEOS_DEPLOYMENT_TARGET = 13.2;
				MTL_ENABLE_DEBUG_INFO = INCLUDE_SOURCE;
				MTL_FAST_MATH = YES;
				ONLY_ACTIVE_ARCH = YES;
				SDKROOT = iphoneos;
				SWIFT_ACTIVE_COMPILATION_CONDITIONS = DEBUG;
				SWIFT_OPTIMIZATION_LEVEL = "-Onone";
			};
			name = Debug;
		};
		2174965F2391832900243B41 /* Release */ = {
			isa = XCBuildConfiguration;
			buildSettings = {
				ALWAYS_SEARCH_USER_PATHS = NO;
				CLANG_ANALYZER_LOCALIZABILITY_NONLOCALIZED = YES;
				CLANG_ANALYZER_NONNULL = YES;
				CLANG_ANALYZER_NUMBER_OBJECT_CONVERSION = YES_AGGRESSIVE;
				CLANG_CXX_LANGUAGE_STANDARD = "gnu++14";
				CLANG_CXX_LIBRARY = "libc++";
				CLANG_ENABLE_MODULES = YES;
				CLANG_ENABLE_OBJC_ARC = YES;
				CLANG_ENABLE_OBJC_WEAK = YES;
				CLANG_WARN_BLOCK_CAPTURE_AUTORELEASING = YES;
				CLANG_WARN_BOOL_CONVERSION = YES;
				CLANG_WARN_COMMA = YES;
				CLANG_WARN_CONSTANT_CONVERSION = YES;
				CLANG_WARN_DEPRECATED_OBJC_IMPLEMENTATIONS = YES;
				CLANG_WARN_DIRECT_OBJC_ISA_USAGE = YES_ERROR;
				CLANG_WARN_DOCUMENTATION_COMMENTS = YES;
				CLANG_WARN_EMPTY_BODY = YES;
				CLANG_WARN_ENUM_CONVERSION = YES;
				CLANG_WARN_INFINITE_RECURSION = YES;
				CLANG_WARN_INT_CONVERSION = YES;
				CLANG_WARN_NON_LITERAL_NULL_CONVERSION = YES;
				CLANG_WARN_OBJC_IMPLICIT_RETAIN_SELF = YES;
				CLANG_WARN_OBJC_LITERAL_CONVERSION = YES;
				CLANG_WARN_OBJC_ROOT_CLASS = YES_ERROR;
				CLANG_WARN_RANGE_LOOP_ANALYSIS = YES;
				CLANG_WARN_STRICT_PROTOTYPES = YES;
				CLANG_WARN_SUSPICIOUS_MOVE = YES;
				CLANG_WARN_UNGUARDED_AVAILABILITY = YES_AGGRESSIVE;
				CLANG_WARN_UNREACHABLE_CODE = YES;
				CLANG_WARN__DUPLICATE_METHOD_MATCH = YES;
				COPY_PHASE_STRIP = NO;
				DEBUG_INFORMATION_FORMAT = "dwarf-with-dsym";
				ENABLE_NS_ASSERTIONS = NO;
				ENABLE_STRICT_OBJC_MSGSEND = YES;
				GCC_C_LANGUAGE_STANDARD = gnu11;
				GCC_NO_COMMON_BLOCKS = YES;
				GCC_WARN_64_TO_32_BIT_CONVERSION = YES;
				GCC_WARN_ABOUT_RETURN_TYPE = YES_ERROR;
				GCC_WARN_UNDECLARED_SELECTOR = YES;
				GCC_WARN_UNINITIALIZED_AUTOS = YES_AGGRESSIVE;
				GCC_WARN_UNUSED_FUNCTION = YES;
				GCC_WARN_UNUSED_VARIABLE = YES;
				IPHONEOS_DEPLOYMENT_TARGET = 13.2;
				MTL_ENABLE_DEBUG_INFO = NO;
				MTL_FAST_MATH = YES;
				SDKROOT = iphoneos;
				SWIFT_COMPILATION_MODE = wholemodule;
				SWIFT_OPTIMIZATION_LEVEL = "-O";
				VALIDATE_PRODUCT = YES;
			};
			name = Release;
		};
		217496612391832900243B41 /* Debug */ = {
			isa = XCBuildConfiguration;
			baseConfigurationReference = E7237B7618E484E6DF0452F3 /* Pods-NiziApp.debug.xcconfig */;
			buildSettings = {
				ASSETCATALOG_COMPILER_APPICON_NAME = AppIcon;
				CODE_SIGN_IDENTITY = "Apple Development";
				CODE_SIGN_STYLE = Automatic;
				DEVELOPMENT_TEAM = 2Q33U5C734;
				INFOPLIST_FILE = NiziApp/Info.plist;
				IPHONEOS_DEPLOYMENT_TARGET = 13.0;
				LD_RUNPATH_SEARCH_PATHS = (
					"$(inherited)",
					"@executable_path/Frameworks",
				);
				PRODUCT_BUNDLE_IDENTIFIER = Inholland.NiziApp2;
				PRODUCT_NAME = "$(TARGET_NAME)";
				PROVISIONING_PROFILE_SPECIFIER = "";
				SWIFT_VERSION = 5.0;
				TARGETED_DEVICE_FAMILY = "1,2";
			};
			name = Debug;
		};
		217496622391832900243B41 /* Release */ = {
			isa = XCBuildConfiguration;
			baseConfigurationReference = C698404F33E3A6522C3D6B70 /* Pods-NiziApp.release.xcconfig */;
			buildSettings = {
				ASSETCATALOG_COMPILER_APPICON_NAME = AppIcon;
				CODE_SIGN_IDENTITY = "Apple Development";
				CODE_SIGN_STYLE = Automatic;
				DEVELOPMENT_TEAM = 2Q33U5C734;
				INFOPLIST_FILE = NiziApp/Info.plist;
				IPHONEOS_DEPLOYMENT_TARGET = 13.0;
				LD_RUNPATH_SEARCH_PATHS = (
					"$(inherited)",
					"@executable_path/Frameworks",
				);
				PRODUCT_BUNDLE_IDENTIFIER = Inholland.NiziApp2;
				PRODUCT_NAME = "$(TARGET_NAME)";
				PROVISIONING_PROFILE_SPECIFIER = "";
				SWIFT_VERSION = 5.0;
				TARGETED_DEVICE_FAMILY = "1,2";
			};
			name = Release;
		};
/* End XCBuildConfiguration section */

/* Begin XCConfigurationList section */
		217496472391832700243B41 /* Build configuration list for PBXProject "NiziApp" */ = {
			isa = XCConfigurationList;
			buildConfigurations = (
				2174965E2391832900243B41 /* Debug */,
				2174965F2391832900243B41 /* Release */,
			);
			defaultConfigurationIsVisible = 0;
			defaultConfigurationName = Release;
		};
		217496602391832900243B41 /* Build configuration list for PBXNativeTarget "NiziApp" */ = {
			isa = XCConfigurationList;
			buildConfigurations = (
				217496612391832900243B41 /* Debug */,
				217496622391832900243B41 /* Release */,
			);
			defaultConfigurationIsVisible = 0;
			defaultConfigurationName = Release;
		};
/* End XCConfigurationList section */
	};
	rootObject = 217496442391832700243B41 /* Project object */;
}
